
Microsoft Visual Studio Solution File, Format Version 12.00
# Visual Studio Version 17
VisualStudioVersion = 17.14.36518.9 d17.14
MinimumVisualStudioVersion = 10.0.40219.1
Project("{8BC9CEB8-8B4A-11D0-8D11-00A0C91BC942}") = "DesignPatt_State_method", "DesignPatt_State_method.vcxproj", "{0CE0FE62-558E-49C1-8342-C5C8B8EB8E53}"
EndProject
Global
	GlobalSection(SolutionConfigurationPlatforms) = preSolution
		Debug|x64 = Debug|x64
		Debug|x86 = Debug|x86
		Release|x64 = Release|x64
		Release|x86 = Release|x86
	EndGlobalSection
	GlobalSection(ProjectConfigurationPlatforms) = postSolution
		{0CE0FE62-558E-49C1-8342-C5C8B8EB8E53}.Debug|x64.ActiveCfg = Debug|x64
		{0CE0FE62-558E-49C1-8342-C5C8B8EB8E53}.Debug|x64.Build.0 = Debug|x64
		{0CE0FE62-558E-49C1-8342-C5C8B8EB8E53}.Debug|x86.ActiveCfg = Debug|Win32
		{0CE0FE62-558E-49C1-8342-C5C8B8EB8E53}.Debug|x86.Build.0 = Debug|Win32
		{0CE0FE62-558E-49C1-8342-C5C8B8EB8E53}.Release|x64.ActiveCfg = Release|x64
		{0CE0FE62-558E-49C1-8342-C5C8B8EB8E53}.Release|x64.Build.0 = Release|x64
		{0CE0FE62-558E-49C1-8342-C5C8B8EB8E53}.Release|x86.ActiveCfg = Release|Win32
		{0CE0FE62-558E-49C1-8342-C5C8B8EB8E53}.Release|x86.Build.0 = Release|Win32
	EndGlobalSection
	GlobalSection(SolutionProperties) = preSolution
		HideSolutionNode = FALSE
	EndGlobalSection
	GlobalSection(ExtensibilityGlobals) = postSolution
		SolutionGuid = {80248F57-AA7D-470C-B6EC-1E2AAA695143}
	EndGlobalSection
EndGlobal
